
Microsoft Visual Studio Solution File, Format Version 12.00
# Visual Studio Version 17
VisualStudioVersion = 17.0.31825.309
MinimumVisualStudioVersion = 10.0.40219.1
Project("{2150E333-8FDC-42A3-9474-1A3956D46DE8}") = "Data", "Data", "{A893A9BE-3CD4-494B-ADAE-3749387B79E3}"
EndProject
Project("{9A19103F-16F7-4668-BE54-9A1E7A4F7556}") = "App.DbAccess.Entities", "Data\App.DbAccess.Entities\App.DbAccess.Entities.csproj", "{94338259-06B3-4ED0-9382-F6FA1E082D9F}"
EndProject
Project("{9A19103F-16F7-4668-BE54-9A1E7A4F7556}") = "App.DbAccess.Repositories", "Data\App.DbAccess.Repositories\App.DbAccess.Repositories.csproj", "{5E21D5C0-1D1E-43B0-B8DA-0993BC2D0DF1}"
EndProject
Project("{2150E333-8FDC-42A3-9474-1A3956D46DE8}") = "Framework", "Framework", "{74D87709-82CB-4A13-809D-F8DED1D1FF1A}"
EndProject
Project("{9A19103F-16F7-4668-BE54-9A1E7A4F7556}") = "App.DbAccess.Infrastructure", "Data\App.DbAccess.Infrastructure\App.DbAccess.Infrastructure.csproj", "{96041A1E-E630-4A9B-AA6E-F7B36FEB01BB}"
EndProject
Project("{9A19103F-16F7-4668-BE54-9A1E7A4F7556}") = "App.EFCore", "Framework\App.EFCore\App.EFCore.csproj", "{F6764589-E68A-497B-9E6E-7876DD7211FA}"
EndProject
Project("{9A19103F-16F7-4668-BE54-9A1E7A4F7556}") = "App.Business.Services", "App.Business.Services\App.Business.Services.csproj", "{E4E03174-D7B1-40A2-B6B8-3F5E7F28E693}"
EndProject
Project("{9A19103F-16F7-4668-BE54-9A1E7A4F7556}") = "App.Blazor.Web", "App.Blazor.Web\App.Blazor.Web.csproj", "{2A631207-43CE-400A-B4AC-0A0CD6A1FCFE}"
EndProject
Project("{9A19103F-16F7-4668-BE54-9A1E7A4F7556}") = "App.Blazor.Admin", "App.Blazor.Admin\App.Blazor.Admin.csproj", "{81D47887-5B0F-4FEA-B69E-3D8FD254EA6F}"
EndProject
Project("{9A19103F-16F7-4668-BE54-9A1E7A4F7556}") = "App.Util", "Framework\App.Util\App.Util.csproj", "{63224B93-13D7-41C9-9E5D-644C22534980}"
EndProject
Project("{9A19103F-16F7-4668-BE54-9A1E7A4F7556}") = "App.Business.Model", "App.Business.Model\App.Business.Model.csproj", "{95DC0E73-5014-42D7-ACFB-758F883D0623}"
EndProject
Project("{9A19103F-16F7-4668-BE54-9A1E7A4F7556}") = "Vditor", "Framework\Vditor\Vditor.csproj", "{826A4E3E-E21C-4B4C-878E-11494E73FC09}"
EndProject
Project("{9A19103F-16F7-4668-BE54-9A1E7A4F7556}") = "App.Captcha", "Framework\App.Captcha\App.Captcha.csproj", "{8E372910-3F78-4C05-A66F-C222BF535E55}"
EndProject
Project("{FAE04EC0-301F-11D3-BF4B-00C04F79EFBC}") = "App.Blazor.Client", "App.Blazor.Client\App.Blazor.Client.csproj", "{F48A8ECC-C0A3-4748-918C-5E9385B5A1C3}"
EndProject
Global
	GlobalSection(SolutionConfigurationPlatforms) = preSolution
		Debug|Any CPU = Debug|Any CPU
		Release|Any CPU = Release|Any CPU
	EndGlobalSection
	GlobalSection(ProjectConfigurationPlatforms) = postSolution
		{94338259-06B3-4ED0-9382-F6FA1E082D9F}.Debug|Any CPU.ActiveCfg = Debug|Any CPU
		{94338259-06B3-4ED0-9382-F6FA1E082D9F}.Debug|Any CPU.Build.0 = Debug|Any CPU
		{94338259-06B3-4ED0-9382-F6FA1E082D9F}.Release|Any CPU.ActiveCfg = Release|Any CPU
		{94338259-06B3-4ED0-9382-F6FA1E082D9F}.Release|Any CPU.Build.0 = Release|Any CPU
		{5E21D5C0-1D1E-43B0-B8DA-0993BC2D0DF1}.Debug|Any CPU.ActiveCfg = Debug|Any CPU
		{5E21D5C0-1D1E-43B0-B8DA-0993BC2D0DF1}.Debug|Any CPU.Build.0 = Debug|Any CPU
		{5E21D5C0-1D1E-43B0-B8DA-0993BC2D0DF1}.Release|Any CPU.ActiveCfg = Release|Any CPU
		{5E21D5C0-1D1E-43B0-B8DA-0993BC2D0DF1}.Release|Any CPU.Build.0 = Release|Any CPU
		{96041A1E-E630-4A9B-AA6E-F7B36FEB01BB}.Debug|Any CPU.ActiveCfg = Debug|Any CPU
		{96041A1E-E630-4A9B-AA6E-F7B36FEB01BB}.Debug|Any CPU.Build.0 = Debug|Any CPU
		{96041A1E-E630-4A9B-AA6E-F7B36FEB01BB}.Release|Any CPU.ActiveCfg = Release|Any CPU
		{96041A1E-E630-4A9B-AA6E-F7B36FEB01BB}.Release|Any CPU.Build.0 = Release|Any CPU
		{F6764589-E68A-497B-9E6E-7876DD7211FA}.Debug|Any CPU.ActiveCfg = Debug|Any CPU
		{F6764589-E68A-497B-9E6E-7876DD7211FA}.Debug|Any CPU.Build.0 = Debug|Any CPU
		{F6764589-E68A-497B-9E6E-7876DD7211FA}.Release|Any CPU.ActiveCfg = Release|Any CPU
		{F6764589-E68A-497B-9E6E-7876DD7211FA}.Release|Any CPU.Build.0 = Release|Any CPU
		{E4E03174-D7B1-40A2-B6B8-3F5E7F28E693}.Debug|Any CPU.ActiveCfg = Debug|Any CPU
		{E4E03174-D7B1-40A2-B6B8-3F5E7F28E693}.Debug|Any CPU.Build.0 = Debug|Any CPU
		{E4E03174-D7B1-40A2-B6B8-3F5E7F28E693}.Release|Any CPU.ActiveCfg = Release|Any CPU
		{E4E03174-D7B1-40A2-B6B8-3F5E7F28E693}.Release|Any CPU.Build.0 = Release|Any CPU
		{2A631207-43CE-400A-B4AC-0A0CD6A1FCFE}.Debug|Any CPU.ActiveCfg = Debug|Any CPU
		{2A631207-43CE-400A-B4AC-0A0CD6A1FCFE}.Debug|Any CPU.Build.0 = Debug|Any CPU
		{2A631207-43CE-400A-B4AC-0A0CD6A1FCFE}.Release|Any CPU.ActiveCfg = Release|Any CPU
		{2A631207-43CE-400A-B4AC-0A0CD6A1FCFE}.Release|Any CPU.Build.0 = Release|Any CPU
		{81D47887-5B0F-4FEA-B69E-3D8FD254EA6F}.Debug|Any CPU.ActiveCfg = Debug|Any CPU
		{81D47887-5B0F-4FEA-B69E-3D8FD254EA6F}.Debug|Any CPU.Build.0 = Debug|Any CPU
		{81D47887-5B0F-4FEA-B69E-3D8FD254EA6F}.Release|Any CPU.ActiveCfg = Release|Any CPU
		{81D47887-5B0F-4FEA-B69E-3D8FD254EA6F}.Release|Any CPU.Build.0 = Release|Any CPU
		{63224B93-13D7-41C9-9E5D-644C22534980}.Debug|Any CPU.ActiveCfg = Debug|Any CPU
		{63224B93-13D7-41C9-9E5D-644C22534980}.Debug|Any CPU.Build.0 = Debug|Any CPU
		{63224B93-13D7-41C9-9E5D-644C22534980}.Release|Any CPU.ActiveCfg = Release|Any CPU
		{63224B93-13D7-41C9-9E5D-644C22534980}.Release|Any CPU.Build.0 = Release|Any CPU
		{95DC0E73-5014-42D7-ACFB-758F883D0623}.Debug|Any CPU.ActiveCfg = Debug|Any CPU
		{95DC0E73-5014-42D7-ACFB-758F883D0623}.Debug|Any CPU.Build.0 = Debug|Any CPU
		{95DC0E73-5014-42D7-ACFB-758F883D0623}.Release|Any CPU.ActiveCfg = Release|Any CPU
		{95DC0E73-5014-42D7-ACFB-758F883D0623}.Release|Any CPU.Build.0 = Release|Any CPU
		{826A4E3E-E21C-4B4C-878E-11494E73FC09}.Debug|Any CPU.ActiveCfg = Debug|Any CPU
		{826A4E3E-E21C-4B4C-878E-11494E73FC09}.Debug|Any CPU.Build.0 = Debug|Any CPU
		{826A4E3E-E21C-4B4C-878E-11494E73FC09}.Release|Any CPU.ActiveCfg = Release|Any CPU
		{826A4E3E-E21C-4B4C-878E-11494E73FC09}.Release|Any CPU.Build.0 = Release|Any CPU
		{8E372910-3F78-4C05-A66F-C222BF535E55}.Debug|Any CPU.ActiveCfg = Debug|Any CPU
		{8E372910-3F78-4C05-A66F-C222BF535E55}.Debug|Any CPU.Build.0 = Debug|Any CPU
		{8E372910-3F78-4C05-A66F-C222BF535E55}.Release|Any CPU.ActiveCfg = Release|Any CPU
		{8E372910-3F78-4C05-A66F-C222BF535E55}.Release|Any CPU.Build.0 = Release|Any CPU
		{F48A8ECC-C0A3-4748-918C-5E9385B5A1C3}.Debug|Any CPU.ActiveCfg = Debug|Any CPU
		{F48A8ECC-C0A3-4748-918C-5E9385B5A1C3}.Debug|Any CPU.Build.0 = Debug|Any CPU
		{F48A8ECC-C0A3-4748-918C-5E9385B5A1C3}.Release|Any CPU.ActiveCfg = Release|Any CPU
		{F48A8ECC-C0A3-4748-918C-5E9385B5A1C3}.Release|Any CPU.Build.0 = Release|Any CPU
	EndGlobalSection
	GlobalSection(SolutionProperties) = preSolution
		HideSolutionNode = FALSE
	EndGlobalSection
	GlobalSection(NestedProjects) = preSolution
		{94338259-06B3-4ED0-9382-F6FA1E082D9F} = {A893A9BE-3CD4-494B-ADAE-3749387B79E3}
		{5E21D5C0-1D1E-43B0-B8DA-0993BC2D0DF1} = {A893A9BE-3CD4-494B-ADAE-3749387B79E3}
		{96041A1E-E630-4A9B-AA6E-F7B36FEB01BB} = {A893A9BE-3CD4-494B-ADAE-3749387B79E3}
		{F6764589-E68A-497B-9E6E-7876DD7211FA} = {74D87709-82CB-4A13-809D-F8DED1D1FF1A}
		{63224B93-13D7-41C9-9E5D-644C22534980} = {74D87709-82CB-4A13-809D-F8DED1D1FF1A}
		{826A4E3E-E21C-4B4C-878E-11494E73FC09} = {74D87709-82CB-4A13-809D-F8DED1D1FF1A}
		{8E372910-3F78-4C05-A66F-C222BF535E55} = {74D87709-82CB-4A13-809D-F8DED1D1FF1A}
	EndGlobalSection
	GlobalSection(ExtensibilityGlobals) = postSolution
		SolutionGuid = {B50B549D-B66B-4926-8014-B6CB1A77E057}
	EndGlobalSection
EndGlobal
